golang.org/x/net v0.59.0 h1:5zfYln+w5XCxwrnMMJPufRgNoXEaGxl0wo5GqPXyues=
golang.org/x/net v0.59.0/go.mod h1:2DA/G1UfVbCpQPeWTmMPGY7Cs2PkBkwu743bVX5PIVg=
resty.dev/v3 v3.0.0-rc.4 h1:n3360yEcFiyrX5Vkc9XG3Y8kMM24alRBxJ9Ev1mLmqs=
resty.dev/v3 v3.0.0-rc.4/go.mod h1:NTOerrC/4T7/FE6tXIZGIysXXBdgNqwMZuKtxpea9NM=
